{
  "R": {
    "Version": "4.5.2",
    "Repositories": [
      {
        "Name": "CRAN",
        "URL": "https://cloud.r-project.org"
      }
    ]
  },
  "Packages": {
    "here": { "Package": "here", "Version": "1.0.2", "Source": "Repository", "Repository": "CRAN" },
    "dplyr": { "Package": "dplyr", "Version": "1.2.1", "Source": "Repository", "Repository": "CRAN" },
    "tidyr": { "Package": "tidyr", "Version": "1.3.2", "Source": "Repository", "Repository": "CRAN" },
    "tibble": { "Package": "tibble", "Version": "3.3.1", "Source": "Repository", "Repository": "CRAN" },
    "purrr": { "Package": "purrr", "Version": "1.2.1", "Source": "Repository", "Repository": "CRAN" },
    "stringr": { "Package": "stringr", "Version": "1.6.0", "Source": "Repository", "Repository": "CRAN" },
    "readr": { "Package": "readr", "Version": "2.2.0", "Source": "Repository", "Repository": "CRAN" },
    "haven": { "Package": "haven", "Version": "2.5.5", "Source": "Repository", "Repository": "CRAN" },
    "jsonlite": { "Package": "jsonlite", "Version": "2.0.0", "Source": "Repository", "Repository": "CRAN" },
    "scales": { "Package": "scales", "Version": "1.4.0", "Source": "Repository", "Repository": "CRAN" },
    "ggplot2": { "Package": "ggplot2", "Version": "4.0.1", "Source": "Repository", "Repository": "CRAN" },
    "flextable": { "Package": "flextable", "Version": "0.9.10", "Source": "Repository", "Repository": "CRAN" },
    "DT": { "Package": "DT", "Version": "0.34.0", "Source": "Repository", "Repository": "CRAN" },
    "MASS": { "Package": "MASS", "Version": "7.3-65", "Source": "Repository", "Repository": "CRAN" },
    "pracma": { "Package": "pracma", "Version": "2.4.6", "Source": "Repository", "Repository": "CRAN" },
    "ucminf": { "Package": "ucminf", "Version": "1.2.2", "Source": "Repository", "Repository": "CRAN" },
    "sandwich": { "Package": "sandwich", "Version": "3.1-1", "Source": "Repository", "Repository": "CRAN" },
    "marginaleffects": { "Package": "marginaleffects", "Version": "0.32.0", "Source": "Repository", "Repository": "CRAN" },
    "brms": { "Package": "brms", "Version": "2.23.0", "Source": "Repository", "Repository": "CRAN" },
    "rstan": { "Package": "rstan", "Version": "2.32.7", "Source": "Repository", "Repository": "CRAN" },
    "rmarkdown": { "Package": "rmarkdown", "Version": "2.29", "Source": "Repository", "Repository": "CRAN" },
    "knitr": { "Package": "knitr", "Version": "1.50", "Source": "Repository", "Repository": "CRAN" }
  }
}
